# This file is automatically @generated by Cargo.
# It is not intended for manual editing.
[[package]]
name = "arrayref"
version = "0.3.6"
source = "registry+https://github.com/rust-lang/crates.io-index"
checksum = "a4c527152e37cf757a3f78aae5a06fbeefdb07ccc535c980a3208ee3060dd544"

[[package]]
name = "bitflags"
version = "1.2.1"
source = "registry+https://github.com/rust-lang/crates.io-index"
checksum = "cf1de2fe8c75bc145a2f577add951f8134889b4795d47466a54a5c846d691693"

[[package]]
name = "cc"
version = "1.0.66"
source = "registry+https://github.com/rust-lang/crates.io-index"
checksum = "4c0496836a84f8d0495758516b8621a622beb77c0fed418570e50764093ced48"

[[package]]
name = "cfg-if"
version = "0.1.10"
source = "registry+https://github.com/rust-lang/crates.io-index"
checksum = "4785bdd1c96b2a846b2bd7cc02e86b6b3dbf14e7e53446c4f54c92a361040822"

[[package]]
name = "ctrlc"
version = "3.1.7"
source = "registry+https://github.com/rust-lang/crates.io-index"
checksum = "b57a92e9749e10f25a171adcebfafe72991d45e7ec2dcb853e8f83d9dafaeb08"
dependencies = [
 "nix 0.18.0",
 "winapi",
]

[[package]]
name = "dualshock"
version = "0.1.0"
dependencies = [
 "ctrlc",
 "joydev",
 "robust-arduino-serial",
 "serial",
]

[[package]]
name = "input-event-codes"
version = "0.2.1"
source = "registry+https://github.com/rust-lang/crates.io-index"
checksum = "acb51da0fc0301c7b9a39fd88a5ce0c2b2c3af08f60e610f0a505bb0abfa0712"

[[package]]
name = "ioctl-rs"
version = "0.1.6"
source = "registry+https://github.com/rust-lang/crates.io-index"
checksum = "f7970510895cee30b3e9128319f2cefd4bde883a39f38baa279567ba3a7eb97d"
dependencies = [
 "libc",
]

[[package]]
name = "joydev"
version = "0.3.1"
source = "registry+https://github.com/rust-lang/crates.io-index"
checksum = "a411334d29263c315b48f8765867708548ea6e136ae878551d54ac2d4cb26cc3"
dependencies = [
 "arrayref",
 "input-event-codes",
 "joydev-sys",
 "libc",
 "nix 0.17.0",
]

[[package]]
name = "joydev-sys"
version = "0.2.1"
source = "registry+https://github.com/rust-lang/crates.io-index"
checksum = "7e6fcbd9aa6206a206b0335189e213379f9fa29064cb0044aaa05308c5ad3156"
dependencies = [
 "input-event-codes",
 "libc",
 "nix 0.17.0",
]

[[package]]
name = "libc"
version = "0.2.86"
source = "registry+https://github.com/rust-lang/crates.io-index"
checksum = "b7282d924be3275cec7f6756ff4121987bc6481325397dde6ba3e7802b1a8b1c"

[[package]]
name = "nix"
version = "0.17.0"
source = "registry+https://github.com/rust-lang/crates.io-index"
checksum = "50e4785f2c3b7589a0d0c1dd60285e1188adac4006e8abd6dd578e1567027363"
dependencies = [
 "bitflags",
 "cc",
 "cfg-if",
 "libc",
 "void",
]

[[package]]
name = "nix"
version = "0.18.0"
source = "registry+https://github.com/rust-lang/crates.io-index"
checksum = "83450fe6a6142ddd95fb064b746083fc4ef1705fe81f64a64e1d4b39f54a1055"
dependencies = [
 "bitflags",
 "cc",
 "cfg-if",
 "libc",
]

[[package]]
name = "robust-arduino-serial"
version = "0.1.1"
source = "registry+https://github.com/rust-lang/crates.io-index"
checksum = "071d5007ba00946ceead4a295b7612ef0e17ed688d18d6653bbb6fba4b4f5fd0"
dependencies = [
 "serial",
 "std-semaphore",
]

[[package]]
name = "serial"
version = "0.4.0"
source = "registry+https://github.com/rust-lang/crates.io-index"
checksum = "a1237a96570fc377c13baa1b88c7589ab66edced652e43ffb17088f003db3e86"
dependencies = [
 "serial-core",
 "serial-unix",
 "serial-windows",
]

[[package]]
name = "serial-core"
version = "0.4.0"
source = "registry+https://github.com/rust-lang/crates.io-index"
checksum = "3f46209b345401737ae2125fe5b19a77acce90cd53e1658cda928e4fe9a64581"
dependencies = [
 "libc",
]

[[package]]
name = "serial-unix"
version = "0.4.0"
source = "registry+https://github.com/rust-lang/crates.io-index"
checksum = "f03fbca4c9d866e24a459cbca71283f545a37f8e3e002ad8c70593871453cab7"
dependencies = [
 "ioctl-rs",
 "libc",
 "serial-core",
 "termios",
]

[[package]]
name = "serial-windows"
version = "0.4.0"
source = "registry+https://github.com/rust-lang/crates.io-index"
checksum = "15c6d3b776267a75d31bbdfd5d36c0ca051251caafc285827052bc53bcdc8162"
dependencies = [
 "libc",
 "serial-core",
]

[[package]]
name = "std-semaphore"
version = "0.1.0"
source = "registry+https://github.com/rust-lang/crates.io-index"
checksum = "33ae9eec00137a8eed469fb4148acd9fc6ac8c3f9b110f52cd34698c8b5bfa0e"

[[package]]
name = "termios"
version = "0.2.2"
source = "registry+https://github.com/rust-lang/crates.io-index"
checksum = "d5d9cf598a6d7ce700a4e6a9199da127e6819a61e64b68609683cc9a01b5683a"
dependencies = [
 "libc",
]

[[package]]
name = "void"
version = "1.0.2"
source = "registry+https://github.com/rust-lang/crates.io-index"
checksum = "6a02e4885ed3bc0f2de90ea6dd45ebcbb66dacffe03547fadbb0eeae2770887d"

[[package]]
name = "winapi"
version = "0.3.9"
source = "registry+https://github.com/rust-lang/crates.io-index"
checksum = "5c839a674fcd7a98952e593242ea400abe93992746761e38641405d28b00f419"
dependencies = [
 "winapi-i686-pc-windows-gnu",
 "winapi-x86_64-pc-windows-gnu",
]

[[package]]
name = "winapi-i686-pc-windows-gnu"
version = "0.4.0"
source = "registry+https://github.com/rust-lang/crates.io-index"
checksum = "ac3b87c63620426dd9b991e5ce0329eff545bccbbb34f3be09ff6fb6ab51b7b6"

[[package]]
name = "winapi-x86_64-pc-windows-gnu"
version = "0.4.0"
source = "registry+https://github.com/rust-lang/crates.io-index"
checksum = "712e227841d057c1ee1cd2fb22fa7e5a5461ae8e48fa2ca79ec42cfc1931183f"
